// !$*UTF8*$!
{
	archiveVersion = 1;
	classes = {
	};
	objectVersion = 46;
	objects = {

/* Begin PBXBuildFile section */
		D84E3B0819CA169D00FC36F7 /* Foundation.framework in Frameworks */ = {isa = PBXBuildFile; fileRef = D84E3B0719CA169D00FC36F7 /* Foundation.framework */; };
		D84E3B0A19CA169D00FC36F7 /* CoreGraphics.framework in Frameworks */ = {isa = PBXBuildFile; fileRef = D84E3B0919CA169D00FC36F7 /* CoreGraphics.framework */; };
		D84E3B0C19CA169D00FC36F7 /* UIKit.framework in Frameworks */ = {isa = PBXBuildFile; fileRef = D84E3B0B19CA169D00FC36F7 /* UIKit.framework */; };
		D84E3B1219CA169E00FC36F7 /* InfoPlist.strings in Resources */ = {isa = PBXBuildFile; fileRef = D84E3B1019CA169E00FC36F7 /* InfoPlist.strings */; };
		D84E3B1419CA169E00FC36F7 /* main.m in Sources */ = {isa = PBXBuildFile; fileRef = D84E3B1319CA169E00FC36F7 /* main.m */; };
		D84E3B1819CA169E00FC36F7 /* ASAppDelegate.m in Sources */ = {isa = PBXBuildFile; fileRef = D84E3B1719CA169E00FC36F7 /* ASAppDelegate.m */; };
		D84E3B1B19CA169E00FC36F7 /* Main.storyboard in Resources */ = {isa = PBXBuildFile; fileRef = D84E3B1919CA169E00FC36F7 /* Main.storyboard */; };
		D84E3B1E19CA169E00FC36F7 /* ASViewController.m in Sources */ = {isa = PBXBuildFile; fileRef = D84E3B1D19CA169E00FC36F7 /* ASViewController.m */; };
		D84E3B2019CA169E00FC36F7 /* Images.xcassets in Resources */ = {isa = PBXBuildFile; fileRef = D84E3B1F19CA169E00FC36F7 /* Images.xcassets */; };
		D84E3B2719CA169E00FC36F7 /* XCTest.framework in Frameworks */ = {isa = PBXBuildFile; fileRef = D84E3B2619CA169E00FC36F7 /* XCTest.framework */; };
		D84E3B2819CA169E00FC36F7 /* Foundation.framework in Frameworks */ = {isa = PBXBuildFile; fileRef = D84E3B0719CA169D00FC36F7 /* Foundation.framework */; };
		D84E3B2919CA169E00FC36F7 /* UIKit.framework in Frameworks */ = {isa = PBXBuildFile; fileRef = D84E3B0B19CA169D00FC36F7 /* UIKit.framework */; };
		D84E3B3119CA169E00FC36F7 /* InfoPlist.strings in Resources */ = {isa = PBXBuildFile; fileRef = D84E3B2F19CA169E00FC36F7 /* InfoPlist.strings */; };
		D84E3B3319CA169E00FC36F7 /* AddressBookExampleTests.m in Sources */ = {isa = PBXBuildFile; fileRef = D84E3B3219CA169E00FC36F7 /* AddressBookExampleTests.m */; };
		D84E3B3E19CA16BE00FC36F7 /* ServisBase.m in Sources */ = {isa = PBXBuildFile; fileRef = D84E3B3D19CA16BE00FC36F7 /* ServisBase.m */; };
		D84E3B4119CA171C00FC36F7 /* MyException.m in Sources */ = {isa = PBXBuildFile; fileRef = D84E3B4019CA171C00FC36F7 /* MyException.m */; };
		D84E3B4419CA187500FC36F7 /* ContactManager.m in Sources */ = {isa = PBXBuildFile; fileRef = D84E3B4319CA187500FC36F7 /* ContactManager.m */; };
		D84E3B4719CA18B800FC36F7 /* Reachability.m in Sources */ = {isa = PBXBuildFile; fileRef = D84E3B4619CA18B800FC36F7 /* Reachability.m */; };
		D84E3B4A19CA1DDC00FC36F7 /* Person.m in Sources */ = {isa = PBXBuildFile; fileRef = D84E3B4919CA1DDC00FC36F7 /* Person.m */; };
		D84E3B4D19CA226800FC36F7 /* ContactService.m in Sources */ = {isa = PBXBuildFile; fileRef = D84E3B4C19CA226800FC36F7 /* ContactService.m */; };
		D84E3B5619CA398600FC36F7 /* ExampleAPIUsage.m in Sources */ = {isa = PBXBuildFile; fileRef = D84E3B5519CA398600FC36F7 /* ExampleAPIUsage.m */; };
/* End PBXBuildFile section */

/* Begin PBXContainerItemProxy section */
		D84E3B2A19CA169E00FC36F7 /* PBXContainerItemProxy */ = {
			isa = PBXContainerItemProxy;
			containerPortal = D84E3AFC19CA169D00FC36F7 /* Project object */;
			proxyType = 1;
			remoteGlobalIDString = D84E3B0319CA169D00FC36F7;
			remoteInfo = AddressBookExample;
		};
/* End PBXContainerItemProxy section */

/* Begin PBXFileReference section */
		D84E3B0419CA169D00FC36F7 /* AddressBookExample.app */ = {isa = PBXFileReference; explicitFileType = wrapper.application; includeInIndex = 0; path = AddressBookExample.app; sourceTree = BUILT_PRODUCTS_DIR; };
		D84E3B0719CA169D00FC36F7 /* Foundation.framework */ = {isa = PBXFileReference; lastKnownFileType = wrapper.framework; name = Foundation.framework; path = System/Library/Frameworks/Foundation.framework; sourceTree = SDKROOT; };
		D84E3B0919CA169D00FC36F7 /* CoreGraphics.framework */ = {isa = PBXFileReference; lastKnownFileType = wrapper.framework; name = CoreGraphics.framework; path = System/Library/Frameworks/CoreGraphics.framework; sourceTree = SDKROOT; };
		D84E3B0B19CA169D00FC36F7 /* UIKit.framework */ = {isa = PBXFileReference; lastKnownFileType = wrapper.framework; name = UIKit.framework; path = System/Library/Frameworks/UIKit.framework; sourceTree = SDKROOT; };
		D84E3B0F19CA169D00FC36F7 /* AddressBookExample-Info.plist */ = {isa = PBXFileReference; lastKnownFileType = text.plist.xml; path = "AddressBookExample-Info.plist"; sourceTree = "<group>"; };
		D84E3B1119CA169E00FC36F7 /* en */ = {isa = PBXFileReference; lastKnownFileType = text.plist.strings; name = en; path = en.lproj/InfoPlist.strings; sourceTree = "<group>"; };
		D84E3B1319CA169E00FC36F7 /* main.m */ = {isa = PBXFileReference; lastKnownFileType = sourcecode.c.objc; path = main.m; sourceTree = "<group>"; };
		D84E3B1519CA169E00FC36F7 /* AddressBookExample-Prefix.pch */ = {isa = PBXFileReference; lastKnownFileType = sourcecode.c.h; path = "AddressBookExample-Prefix.pch"; sourceTree = "<group>"; };
		D84E3B1619CA169E00FC36F7 /* ASAppDelegate.h */ = {isa = PBXFileReference; lastKnownFileType = sourcecode.c.h; path = ASAppDelegate.h; sourceTree = "<group>"; };
		D84E3B1719CA169E00FC36F7 /* ASAppDelegate.m */ = {isa = PBXFileReference; lastKnownFileType = sourcecode.c.objc; path = ASAppDelegate.m; sourceTree = "<group>"; };
		D84E3B1A19CA169E00FC36F7 /* Base */ = {isa = PBXFileReference; lastKnownFileType = file.storyboard; name = Base; path = Base.lproj/Main.storyboard; sourceTree = "<group>"; };
		D84E3B1C19CA169E00FC36F7 /* ASViewController.h */ = {isa = PBXFileReference; lastKnownFileType = sourcecode.c.h; path = ASViewController.h; sourceTree = "<group>"; };
		D84E3B1D19CA169E00FC36F7 /* ASViewController.m */ = {isa = PBXFileReference; lastKnownFileType = sourcecode.c.objc; path = ASViewController.m; sourceTree = "<group>"; };
		D84E3B1F19CA169E00FC36F7 /* Images.xcassets */ = {isa = PBXFileReference; lastKnownFileType = folder.assetcatalog; path = Images.xcassets; sourceTree = "<group>"; };
		D84E3B2519CA169E00FC36F7 /* AddressBookExampleTests.xctest */ = {isa = PBXFileReference; explicitFileType = wrapper.cfbundle; includeInIndex = 0; path = AddressBookExampleTests.xctest; sourceTree = BUILT_PRODUCTS_DIR; };
		D84E3B2619CA169E00FC36F7 /* XCTest.framework */ = {isa = PBXFileReference; lastKnownFileType = wrapper.framework; name = XCTest.framework; path = Library/Frameworks/XCTest.framework; sourceTree = DEVELOPER_DIR; };
		D84E3B2E19CA169E00FC36F7 /* AddressBookExampleTests-Info.plist */ = {isa = PBXFileReference; lastKnownFileType = text.plist.xml; path = "AddressBookExampleTests-Info.plist"; sourceTree = "<group>"; };
		D84E3B3019CA169E00FC36F7 /* en */ = {isa = PBXFileReference; lastKnownFileType = text.plist.strings; name = en; path = en.lproj/InfoPlist.strings; sourceTree = "<group>"; };
		D84E3B3219CA169E00FC36F7 /* AddressBookExampleTests.m */ = {isa = PBXFileReference; lastKnownFileType = sourcecode.c.objc; path = AddressBookExampleTests.m; sourceTree = "<group>"; };
		D84E3B3C19CA16BE00FC36F7 /* ServisBase.h */ = {isa = PBXFileReference; fileEncoding = 4; lastKnownFileType = sourcecode.c.h; path = ServisBase.h; sourceTree = "<group>"; };
		D84E3B3D19CA16BE00FC36F7 /* ServisBase.m */ = {isa = PBXFileReference; fileEncoding = 4; lastKnownFileType = sourcecode.c.objc; path = ServisBase.m; sourceTree = "<group>"; };
		D84E3B3F19CA171C00FC36F7 /* MyException.h */ = {isa = PBXFileReference; fileEncoding = 4; lastKnownFileType = sourcecode.c.h; path = MyException.h; sourceTree = "<group>"; };
		D84E3B4019CA171C00FC36F7 /* MyException.m */ = {isa = PBXFileReference; fileEncoding = 4; lastKnownFileType = sourcecode.c.objc; path = MyException.m; sourceTree = "<group>"; };
		D84E3B4219CA187500FC36F7 /* ContactManager.h */ = {isa = PBXFileReference; fileEncoding = 4; lastKnownFileType = sourcecode.c.h; path = ContactManager.h; sourceTree = "<group>"; };
		D84E3B4319CA187500FC36F7 /* ContactManager.m */ = {isa = PBXFileReference; fileEncoding = 4; lastKnownFileType = sourcecode.c.objc; path = ContactManager.m; sourceTree = "<group>"; };
		D84E3B4519CA18B800FC36F7 /* Reachability.h */ = {isa = PBXFileReference; fileEncoding = 4; lastKnownFileType = sourcecode.c.h; path = Reachability.h; sourceTree = "<group>"; };
		D84E3B4619CA18B800FC36F7 /* Reachability.m */ = {isa = PBXFileReference; fileEncoding = 4; lastKnownFileType = sourcecode.c.objc; path = Reachability.m; sourceTree = "<group>"; };
		D84E3B4819CA1DDC00FC36F7 /* Person.h */ = {isa = PBXFileReference; fileEncoding = 4; lastKnownFileType = sourcecode.c.h; path = Person.h; sourceTree = "<group>"; };
		D84E3B4919CA1DDC00FC36F7 /* Person.m */ = {isa = PBXFileReference; fileEncoding = 4; lastKnownFileType = sourcecode.c.objc; path = Person.m; sourceTree = "<group>"; };
		D84E3B4B19CA226800FC36F7 /* ContactService.h */ = {isa = PBXFileReference; fileEncoding = 4; lastKnownFileType = sourcecode.c.h; path = ContactService.h; sourceTree = "<group>"; };
		D84E3B4C19CA226800FC36F7 /* ContactService.m */ = {isa = PBXFileReference; fileEncoding = 4; lastKnownFileType = sourcecode.c.objc; path = ContactService.m; sourceTree = "<group>"; };
		D84E3B4E19CA249500FC36F7 /* Constant.h */ = {isa = PBXFileReference; fileEncoding = 4; lastKnownFileType = sourcecode.c.h; path = Constant.h; sourceTree = "<group>"; };
		D84E3B5419CA398600FC36F7 /* ExampleAPIUsage.h */ = {isa = PBXFileReference; fileEncoding = 4; lastKnownFileType = sourcecode.c.h; path = ExampleAPIUsage.h; sourceTree = "<group>"; };
		D84E3B5519CA398600FC36F7 /* ExampleAPIUsage.m */ = {isa = PBXFileReference; fileEncoding = 4; lastKnownFileType = sourcecode.c.objc; path = ExampleAPIUsage.m; sourceTree = "<group>"; };
/* End PBXFileReference section */

/* Begin PBXFrameworksBuildPhase section */
		D84E3B0119CA169D00FC36F7 /* Frameworks */ = {
			isa = PBXFrameworksBuildPhase;
			buildActionMask = 2147483647;
			files = (
				D84E3B0A19CA169D00FC36F7 /* CoreGraphics.framework in Frameworks */,
				D84E3B0C19CA169D00FC36F7 /* UIKit.framework in Frameworks */,
				D84E3B0819CA169D00FC36F7 /* Foundation.framework in Frameworks */,
			);
			runOnlyForDeploymentPostprocessing = 0;
		};
		D84E3B2219CA169E00FC36F7 /* Frameworks */ = {
			isa = PBXFrameworksBuildPhase;
			buildActionMask = 2147483647;
			files = (
				D84E3B2719CA169E00FC36F7 /* XCTest.framework in Frameworks */,
				D84E3B2919CA169E00FC36F7 /* UIKit.framework in Frameworks */,
				D84E3B2819CA169E00FC36F7 /* Foundation.framework in Frameworks */,
			);
			runOnlyForDeploymentPostprocessing = 0;
		};
/* End PBXFrameworksBuildPhase section */

/* Begin PBXGroup section */
		D84E3AFB19CA169D00FC36F7 = {
			isa = PBXGroup;
			children = (
				D84E3B0D19CA169D00FC36F7 /* AddressBookExample */,
				D84E3B2C19CA169E00FC36F7 /* AddressBookExampleTests */,
				D84E3B0619CA169D00FC36F7 /* Frameworks */,
				D84E3B0519CA169D00FC36F7 /* Products */,
			);
			sourceTree = "<group>";
		};
		D84E3B0519CA169D00FC36F7 /* Products */ = {
			isa = PBXGroup;
			children = (
				D84E3B0419CA169D00FC36F7 /* AddressBookExample.app */,
				D84E3B2519CA169E00FC36F7 /* AddressBookExampleTests.xctest */,
			);
			name = Products;
			sourceTree = "<group>";
		};
		D84E3B0619CA169D00FC36F7 /* Frameworks */ = {
			isa = PBXGroup;
			children = (
				D84E3B0719CA169D00FC36F7 /* Foundation.framework */,
				D84E3B0919CA169D00FC36F7 /* CoreGraphics.framework */,
				D84E3B0B19CA169D00FC36F7 /* UIKit.framework */,
				D84E3B2619CA169E00FC36F7 /* XCTest.framework */,
			);
			name = Frameworks;
			sourceTree = "<group>";
		};
		D84E3B0D19CA169D00FC36F7 /* AddressBookExample */ = {
			isa = PBXGroup;
			children = (
				D84E3B5119CA26DA00FC36F7 /* API */,
				D84E3B1619CA169E00FC36F7 /* ASAppDelegate.h */,
				D84E3B1719CA169E00FC36F7 /* ASAppDelegate.m */,
				D84E3B1919CA169E00FC36F7 /* Main.storyboard */,
				D84E3B1C19CA169E00FC36F7 /* ASViewController.h */,
				D84E3B1D19CA169E00FC36F7 /* ASViewController.m */,
				D84E3B5419CA398600FC36F7 /* ExampleAPIUsage.h */,
				D84E3B5519CA398600FC36F7 /* ExampleAPIUsage.m */,
				D84E3B1F19CA169E00FC36F7 /* Images.xcassets */,
				D84E3B0E19CA169D00FC36F7 /* Supporting Files */,
			);
			path = AddressBookExample;
			sourceTree = "<group>";
		};
		D84E3B0E19CA169D00FC36F7 /* Supporting Files */ = {
			isa = PBXGroup;
			children = (
				D84E3B0F19CA169D00FC36F7 /* AddressBookExample-Info.plist */,
				D84E3B1019CA169E00FC36F7 /* InfoPlist.strings */,
				D84E3B1319CA169E00FC36F7 /* main.m */,
				D84E3B1519CA169E00FC36F7 /* AddressBookExample-Prefix.pch */,
			);
			name = "Supporting Files";
			sourceTree = "<group>";
		};
		D84E3B2C19CA169E00FC36F7 /* AddressBookExampleTests */ = {
			isa = PBXGroup;
			children = (
				D84E3B3219CA169E00FC36F7 /* AddressBookExampleTests.m */,
				D84E3B2D19CA169E00FC36F7 /* Supporting Files */,
			);
			path = AddressBookExampleTests;
			sourceTree = "<group>";
		};
		D84E3B2D19CA169E00FC36F7 /* Supporting Files */ = {
			isa = PBXGroup;
			children = (
				D84E3B2E19CA169E00FC36F7 /* AddressBookExampleTests-Info.plist */,
				D84E3B2F19CA169E00FC36F7 /* InfoPlist.strings */,
			);
			name = "Supporting Files";
			sourceTree = "<group>";
		};
		D84E3B5119CA26DA00FC36F7 /* API */ = {
			isa = PBXGroup;
			children = (
				D84E3B5319CA270600FC36F7 /* Model */,
				D84E3B5219CA26F200FC36F7 /* Servise */,
			);
			name = API;
			sourceTree = "<group>";
		};
		D84E3B5219CA26F200FC36F7 /* Servise */ = {
			isa = PBXGroup;
			children = (
				D84E3B3C19CA16BE00FC36F7 /* ServisBase.h */,
				D84E3B3D19CA16BE00FC36F7 /* ServisBase.m */,
				D84E3B4B19CA226800FC36F7 /* ContactService.h */,
				D84E3B4C19CA226800FC36F7 /* ContactService.m */,
				D84E3B3F19CA171C00FC36F7 /* MyException.h */,
				D84E3B4019CA171C00FC36F7 /* MyException.m */,
			);
			name = Servise;
			sourceTree = "<group>";
		};
		D84E3B5319CA270600FC36F7 /* Model */ = {
			isa = PBXGroup;
			children = (
				D84E3B4219CA187500FC36F7 /* ContactManager.h */,
				D84E3B4319CA187500FC36F7 /* ContactManager.m */,
				D84E3B4819CA1DDC00FC36F7 /* Person.h */,
				D84E3B4919CA1DDC00FC36F7 /* Person.m */,
				D84E3B4E19CA249500FC36F7 /* Constant.h */,
				D84E3B4519CA18B800FC36F7 /* Reachability.h */,
				D84E3B4619CA18B800FC36F7 /* Reachability.m */,
			);
			name = Model;
			sourceTree = "<group>";
		};
/* End PBXGroup section */

/* Begin PBXNativeTarget section */
		D84E3B0319CA169D00FC36F7 /* AddressBookExample */ = {
			isa = PBXNativeTarget;
			buildConfigurationList = D84E3B3619CA169E00FC36F7 /* Build configuration list for PBXNativeTarget "AddressBookExample" */;
			buildPhases = (
				D84E3B0019CA169D00FC36F7 /* Sources */,
				D84E3B0119CA169D00FC36F7 /* Frameworks */,
				D84E3B0219CA169D00FC36F7 /* Resources */,
			);
			buildRules = (
			);
			dependencies = (
			);
			name = AddressBookExample;
			productName = AddressBookExample;
			productReference = D84E3B0419CA169D00FC36F7 /* AddressBookExample.app */;
			productType = "com.apple.product-type.application";
		};
		D84E3B2419CA169E00FC36F7 /* AddressBookExampleTests */ = {
			isa = PBXNativeTarget;
			buildConfigurationList = D84E3B3919CA169E00FC36F7 /* Build configuration list for PBXNativeTarget "AddressBookExampleTests" */;
			buildPhases = (
				D84E3B2119CA169E00FC36F7 /* Sources */,
				D84E3B2219CA169E00FC36F7 /* Frameworks */,
				D84E3B2319CA169E00FC36F7 /* Resources */,
			);
			buildRules = (
			);
			dependencies = (
				D84E3B2B19CA169E00FC36F7 /* PBXTargetDependency */,
			);
			name = AddressBookExampleTests;
			productName = AddressBookExampleTests;
			productReference = D84E3B2519CA169E00FC36F7 /* AddressBookExampleTests.xctest */;
			productType = "com.apple.product-type.bundle.unit-test";
		};
/* End PBXNativeTarget section */

/* Begin PBXProject section */
		D84E3AFC19CA169D00FC36F7 /* Project object */ = {
			isa = PBXProject;
			attributes = {
				CLASSPREFIX = AS;
				LastUpgradeCheck = 0510;
				ORGANIZATIONNAME = alperSenyurt;
				TargetAttributes = {
					D84E3B2419CA169E00FC36F7 = {
						TestTargetID = D84E3B0319CA169D00FC36F7;
					};
				};
			};
			buildConfigurationList = D84E3AFF19CA169D00FC36F7 /* Build configuration list for PBXProject "AddressBookExample" */;
			compatibilityVersion = "Xcode 3.2";
			developmentRegion = English;
			hasScannedForEncodings = 0;
			knownRegions = (
				en,
				Base,
			);
			mainGroup = D84E3AFB19CA169D00FC36F7;
			productRefGroup = D84E3B0519CA169D00FC36F7 /* Products */;
			projectDirPath = "";
			projectRoot = "";
			targets = (
				D84E3B0319CA169D00FC36F7 /* AddressBookExample */,
				D84E3B2419CA169E00FC36F7 /* AddressBookExampleTests */,
			);
		};
/* End PBXProject section */

/* Begin PBXResourcesBuildPhase section */
		D84E3B0219CA169D00FC36F7 /* Resources */ = {
			isa = PBXResourcesBuildPhase;
			buildActionMask = 2147483647;
			files = (
				D84E3B2019CA169E00FC36F7 /* Images.xcassets in Resources */,
				D84E3B1219CA169E00FC36F7 /* InfoPlist.strings in Resources */,
				D84E3B1B19CA169E00FC36F7 /* Main.storyboard in Resources */,
			);
			runOnlyForDeploymentPostprocessing = 0;
		};
		D84E3B2319CA169E00FC36F7 /* Resources */ = {
			isa = PBXResourcesBuildPhase;
			buildActionMask = 2147483647;
			files = (
				D84E3B3119CA169E00FC36F7 /* InfoPlist.strings in Resources */,
			);
			runOnlyForDeploymentPostprocessing = 0;
		};
/* End PBXResourcesBuildPhase section */

/* Begin PBXSourcesBuildPhase section */
		D84E3B0019CA169D00FC36F7 /* Sources */ = {
			isa = PBXSourcesBuildPhase;
			buildActionMask = 2147483647;
			files = (
				D84E3B1819CA169E00FC36F7 /* ASAppDelegate.m in Sources */,
				D84E3B5619CA398600FC36F7 /* ExampleAPIUsage.m in Sources */,
				D84E3B1E19CA169E00FC36F7 /* ASViewController.m in Sources */,
				D84E3B4A19CA1DDC00FC36F7 /* Person.m in Sources */,
				D84E3B4419CA187500FC36F7 /* ContactManager.m in Sources */,
				D84E3B4719CA18B800FC36F7 /* Reachability.m in Sources */,
				D84E3B4119CA171C00FC36F7 /* MyException.m in Sources */,
				D84E3B4D19CA226800FC36F7 /* ContactService.m in Sources */,
				D84E3B3E19CA16BE00FC36F7 /* ServisBase.m in Sources */,
				D84E3B1419CA169E00FC36F7 /* main.m in Sources */,
			);
			runOnlyForDeploymentPostprocessing = 0;
		};
		D84E3B2119CA169E00FC36F7 /* Sources */ = {
			isa = PBXSourcesBuildPhase;
			buildActionMask = 2147483647;
			files = (
				D84E3B3319CA169E00FC36F7 /* AddressBookExampleTests.m in Sources */,
			);
			runOnlyForDeploymentPostprocessing = 0;
		};
/* End PBXSourcesBuildPhase section */

/* Begin PBXTargetDependency section */
		D84E3B2B19CA169E00FC36F7 /* PBXTargetDependency */ = {
			isa = PBXTargetDependency;
			target = D84E3B0319CA169D00FC36F7 /* AddressBookExample */;
			targetProxy = D84E3B2A19CA169E00FC36F7 /* PBXContainerItemProxy */;
		};
/* End PBXTargetDependency section */

/* Begin PBXVariantGroup section */
		D84E3B1019CA169E00FC36F7 /* InfoPlist.strings */ = {
			isa = PBXVariantGroup;
			children = (
				D84E3B1119CA169E00FC36F7 /* en */,
			);
			name = InfoPlist.strings;
			sourceTree = "<group>";
		};
		D84E3B1919CA169E00FC36F7 /* Main.storyboard */ = {
			isa = PBXVariantGroup;
			children = (
				D84E3B1A19CA169E00FC36F7 /* Base */,
			);
			name = Main.storyboard;
			sourceTree = "<group>";
		};
		D84E3B2F19CA169E00FC36F7 /* InfoPlist.strings */ = {
			isa = PBXVariantGroup;
			children = (
				D84E3B3019CA169E00FC36F7 /* en */,
			);
			name = InfoPlist.strings;
			sourceTree = "<group>";
		};
/* End PBXVariantGroup section */

/* Begin XCBuildConfiguration section */
		D84E3B3419CA169E00FC36F7 /* Debug */ = {
			isa = XCBuildConfiguration;
			buildSettings = {
				ALWAYS_SEARCH_USER_PATHS = NO;
				CLANG_CXX_LANGUAGE_STANDARD = "gnu++0x";
				CLANG_CXX_LIBRARY = "libc++";
				CLANG_ENABLE_MODULES = YES;
				CLANG_ENABLE_OBJC_ARC = YES;
				CLANG_WARN_BOOL_CONVERSION = YES;
				CLANG_WARN_CONSTANT_CONVERSION = YES;
				CLANG_WARN_DIRECT_OBJC_ISA_USAGE = YES_ERROR;
				CLANG_WARN_EMPTY_BODY = YES;
				CLANG_WARN_ENUM_CONVERSION = YES;
				CLANG_WARN_INT_CONVERSION = YES;
				CLANG_WARN_OBJC_ROOT_CLASS = YES_ERROR;
				CLANG_WARN__DUPLICATE_METHOD_MATCH = YES;
				"CODE_SIGN_IDENTITY[sdk=iphoneos*]" = "iPhone Developer";
				COPY_PHASE_STRIP = NO;
				GCC_C_LANGUAGE_STANDARD = gnu99;
				GCC_DYNAMIC_NO_PIC = NO;
				GCC_OPTIMIZATION_LEVEL = 0;
				GCC_PREPROCESSOR_DEFINITIONS = (
					"DEBUG=1",
					"$(inherited)",
				);
				GCC_SYMBOLS_PRIVATE_EXTERN = NO;
				GCC_WARN_64_TO_32_BIT_CONVERSION = YES;
				GCC_WARN_ABOUT_RETURN_TYPE = YES_ERROR;
				GCC_WARN_UNDECLARED_SELECTOR = YES;
				GCC_WARN_UNINITIALIZED_AUTOS = YES_AGGRESSIVE;
				GCC_WARN_UNUSED_FUNCTION = YES;
				GCC_WARN_UNUSED_VARIABLE = YES;
				IPHONEOS_DEPLOYMENT_TARGET = 7.1;
				ONLY_ACTIVE_ARCH = YES;
				SDKROOT = iphoneos;
			};
			name = Debug;
		};
		D84E3B3519CA169E00FC36F7 /* Release */ = {
			isa = XCBuildConfiguration;
			buildSettings = {
				ALWAYS_SEARCH_USER_PATHS = NO;
				CLANG_CXX_LANGUAGE_STANDARD = "gnu++0x";
				CLANG_CXX_LIBRARY = "libc++";
				CLANG_ENABLE_MODULES = YES;
				CLANG_ENABLE_OBJC_ARC = YES;
				CLANG_WARN_BOOL_CONVERSION = YES;
				CLANG_WARN_CONSTANT_CONVERSION = YES;
				CLANG_WARN_DIRECT_OBJC_ISA_USAGE = YES_ERROR;
				CLANG_WARN_EMPTY_BODY = YES;
				CLANG_WARN_ENUM_CONVERSION = YES;
				CLANG_WARN_INT_CONVERSION = YES;
				CLANG_WARN_OBJC_ROOT_CLASS = YES_ERROR;
				CLANG_WARN__DUPLICATE_METHOD_MATCH = YES;
				"CODE_SIGN_IDENTITY[sdk=iphoneos*]" = "iPhone Developer";
				COPY_PHASE_STRIP = YES;
				ENABLE_NS_ASSERTIONS = NO;
				GCC_C_LANGUAGE_STANDARD = gnu99;
				GCC_WARN_64_TO_32_BIT_CONVERSION = YES;
				GCC_WARN_ABOUT_RETURN_TYPE = YES_ERROR;
				GCC_WARN_UNDECLARED_SELECTOR = YES;
				GCC_WARN_UNINITIALIZED_AUTOS = YES_AGGRESSIVE;
				GCC_WARN_UNUSED_FUNCTION = YES;
				GCC_WARN_UNUSED_VARIABLE = YES;
				IPHONEOS_DEPLOYMENT_TARGET = 7.1;
				SDKROOT = iphoneos;
				VALIDATE_PRODUCT = YES;
			};
			name = Release;
		};
		D84E3B3719CA169E00FC36F7 /* Debug */ = {
			isa = XCBuildConfiguration;
			buildSettings = {
				ASSETCATALOG_COMPILER_APPICON_NAME = AppIcon;
				ASSETCATALOG_COMPILER_LAUNCHIMAGE_NAME = LaunchImage;
				GCC_PRECOMPILE_PREFIX_HEADER = YES;
				GCC_PREFIX_HEADER = "AddressBookExample/AddressBookExample-Prefix.pch";
				INFOPLIST_FILE = "AddressBookExample/AddressBookExample-Info.plist";
				PRODUCT_NAME = "$(TARGET_NAME)";
				WRAPPER_EXTENSION = app;
			};
			name = Debug;
		};
		D84E3B3819CA169E00FC36F7 /* Release */ = {
			isa = XCBuildConfiguration;
			buildSettings = {
				ASSETCATALOG_COMPILER_APPICON_NAME = AppIcon;
				ASSETCATALOG_COMPILER_LAUNCHIMAGE_NAME = LaunchImage;
				GCC_PRECOMPILE_PREFIX_HEADER = YES;
				GCC_PREFIX_HEADER = "AddressBookExample/AddressBookExample-Prefix.pch";
				INFOPLIST_FILE = "AddressBookExample/AddressBookExample-Info.plist";
				PRODUCT_NAME = "$(TARGET_NAME)";
				WRAPPER_EXTENSION = app;
			};
			name = Release;
		};
		D84E3B3A19CA169E00FC36F7 /* Debug */ = {
			isa = XCBuildConfiguration;
			buildSettings = {
				BUNDLE_LOADER = "$(BUILT_PRODUCTS_DIR)/AddressBookExample.app/AddressBookExample";
				FRAMEWORK_SEARCH_PATHS = (
					"$(SDKROOT)/Developer/Library/Frameworks",
					"$(inherited)",
					"$(DEVELOPER_FRAMEWORKS_DIR)",
				);
				GCC_PRECOMPILE_PREFIX_HEADER = YES;
				GCC_PREFIX_HEADER = "AddressBookExample/AddressBookExample-Prefix.pch";
				GCC_PREPROCESSOR_DEFINITIONS = (
					"DEBUG=1",
					"$(inherited)",
				);
				INFOPLIST_FILE = "AddressBookExampleTests/AddressBookExampleTests-Info.plist";
				PRODUCT_NAME = "$(TARGET_NAME)";
				TEST_HOST = "$(BUNDLE_LOADER)";
				WRAPPER_EXTENSION = xctest;
			};
			name = Debug;
		};
		D84E3B3B19CA169E00FC36F7 /* Release */ = {
			isa = XCBuildConfiguration;
			buildSettings = {
				BUNDLE_LOADER = "$(BUILT_PRODUCTS_DIR)/AddressBookExample.app/AddressBookExample";
				FRAMEWORK_SEARCH_PATHS = (
					"$(SDKROOT)/Developer/Library/Frameworks",
					"$(inherited)",
					"$(DEVELOPER_FRAMEWORKS_DIR)",
				);
				GCC_PRECOMPILE_PREFIX_HEADER = YES;
				GCC_PREFIX_HEADER = "AddressBookExample/AddressBookExample-Prefix.pch";
				INFOPLIST_FILE = "AddressBookExampleTests/AddressBookExampleTests-Info.plist";
				PRODUCT_NAME = "$(TARGET_NAME)";
				TEST_HOST = "$(BUNDLE_LOADER)";
				WRAPPER_EXTENSION = xctest;
			};
			name = Release;
		};
/* End XCBuildConfiguration section */

/* Begin XCConfigurationList section */
		D84E3AFF19CA169D00FC36F7 /* Build configuration list for PBXProject "AddressBookExample" */ = {
			isa = XCConfigurationList;
			buildConfigurations = (
				D84E3B3419CA169E00FC36F7 /* Debug */,
				D84E3B3519CA169E00FC36F7 /* Release */,
			);
			defaultConfigurationIsVisible = 0;
			defaultConfigurationName = Release;
		};
		D84E3B3619CA169E00FC36F7 /* Build configuration list for PBXNativeTarget "AddressBookExample" */ = {
			isa = XCConfigurationList;
			buildConfigurations = (
				D84E3B3719CA169E00FC36F7 /* Debug */,
				D84E3B3819CA169E00FC36F7 /* Release */,
			);
			defaultConfigurationIsVisible = 0;
		};
		D84E3B3919CA169E00FC36F7 /* Build configuration list for PBXNativeTarget "AddressBookExampleTests" */ = {
			isa = XCConfigurationList;
			buildConfigurations = (
				D84E3B3A19CA169E00FC36F7 /* Debug */,
				D84E3B3B19CA169E00FC36F7 /* Release */,
			);
			defaultConfigurationIsVisible = 0;
		};
/* End XCConfigurationList section */
	};
	rootObject = D84E3AFC19CA169D00FC36F7 /* Project object */;
}
